
Microsoft Visual Studio Solution File, Format Version 12.00
# Visual Studio Version 17
VisualStudioVersion = 17.1.32210.238
MinimumVisualStudioVersion = 10.0.40219.1
Project("{FAE04EC0-301F-11D3-BF4B-00C04F79EFBC}") = "RentEquipmentGupalo", "RentEquipmentGupalo\RentEquipmentGupalo.csproj", "{311AEE3D-0D27-4946-9C7E-C8331A08E450}"
EndProject
Global
	GlobalSection(SolutionConfigurationPlatforms) = preSolution
		Debug|Any CPU = Debug|Any CPU
		Release|Any CPU = Release|Any CPU
	EndGlobalSection
	GlobalSection(ProjectConfigurationPlatforms) = postSolution
		{311AEE3D-0D27-4946-9C7E-C8331A08E450}.Debug|Any CPU.ActiveCfg = Debug|Any CPU
		{311AEE3D-0D27-4946-9C7E-C8331A08E450}.Debug|Any CPU.Build.0 = Debug|Any CPU
		{311AEE3D-0D27-4946-9C7E-C8331A08E450}.Release|Any CPU.ActiveCfg = Release|Any CPU
		{311AEE3D-0D27-4946-9C7E-C8331A08E450}.Release|Any CPU.Build.0 = Release|Any CPU
	EndGlobalSection
	GlobalSection(SolutionProperties) = preSolution
		HideSolutionNode = FALSE
	EndGlobalSection
	GlobalSection(ExtensibilityGlobals) = postSolution
		SolutionGuid = {C5067AEA-938B-4427-8BA1-CE5F015BEE15}
	EndGlobalSection
EndGlobal
